Microsoft Visual Studio Solution File, Format Version 12.00
# Visual Studio Version 17
VisualStudioVersion = 17.5.2.0
MinimumVisualStudioVersion = 10.0.40219.1
Project("{FAE04EC0-301F-11D3-BF4B-00C04F79EFBC}") = "coninTracker.API", "coninTracker.API.csproj", "{FC13AC99-5D08-E29F-A5D9-7E7658C04802}"
EndProject
Global
	GlobalSection(SolutionConfigurationPlatforms) = preSolution
		Debug|Any CPU = Debug|Any CPU
		Release|Any CPU = Release|Any CPU
	EndGlobalSection
	GlobalSection(ProjectConfigurationPlatforms) = postSolution
		{FC13AC99-5D08-E29F-A5D9-7E7658C04802}.Debug|Any CPU.ActiveCfg = Debug|Any CPU
		{FC13AC99-5D08-E29F-A5D9-7E7658C04802}.Debug|Any CPU.Build.0 = Debug|Any CPU
		{FC13AC99-5D08-E29F-A5D9-7E7658C04802}.Release|Any CPU.ActiveCfg = Release|Any CPU
		{FC13AC99-5D08-E29F-A5D9-7E7658C04802}.Release|Any CPU.Build.0 = Release|Any CPU
	EndGlobalSection
	GlobalSection(SolutionProperties) = preSolution
		HideSolutionNode = FALSE
	EndGlobalSection
	GlobalSection(ExtensibilityGlobals) = postSolution
		SolutionGuid = {C290800D-35C2-4537-9E0F-FA9474A2DED3}
	EndGlobalSection
EndGlobal
